# THIS IS AN AUTOGENERATED FILE. DO NOT EDIT THIS FILE DIRECTLY.
# yarn lockfile v1


ace-builds@^1.39.1:
  version "1.39.1"
  resolved "https://registry.yarnpkg.com/ace-builds/-/ace-builds-1.39.1.tgz#28af141e58fe1a0f945b98f56fe9f8aaa6245f73"
  integrity sha512-HcJbBzx8qY66t9gZo/sQu7pi0wO/CFLdYn1LxQO1WQTfIkMfyc7LRnBpsp/oNCSSU/LL83jXHN1fqyOTuIhUjg==
